
Microsoft Visual Studio Solution File, Format Version 12.00
# Visual Studio Version 16
VisualStudioVersion = 16.0.29905.134
MinimumVisualStudioVersion = 10.0.40219.1
Project("{FAE04EC0-301F-11D3-BF4B-00C04F79EFBC}") = "PC", "PC\PC.csproj", "{DA46CC9F-20EE-4265-8338-041EFFB95069}"
EndProject
Global
	GlobalSection(SolutionConfigurationPlatforms) = preSolution
		Debug|Any CPU = Debug|Any CPU
		Release|Any CPU = Release|Any CPU
	EndGlobalSection
	GlobalSection(ProjectConfigurationPlatforms) = postSolution
		{DA46CC9F-20EE-4265-8338-041EFFB95069}.Debug|Any CPU.ActiveCfg = Debug|Any CPU
		{DA46CC9F-20EE-4265-8338-041EFFB95069}.Debug|Any CPU.Build.0 = Debug|Any CPU
		{DA46CC9F-20EE-4265-8338-041EFFB95069}.Release|Any CPU.ActiveCfg = Release|Any CPU
		{DA46CC9F-20EE-4265-8338-041EFFB95069}.Release|Any CPU.Build.0 = Release|Any CPU
	EndGlobalSection
	GlobalSection(SolutionProperties) = preSolution
		HideSolutionNode = FALSE
	EndGlobalSection
	GlobalSection(ExtensibilityGlobals) = postSolution
		SolutionGuid = {71C12700-A81A-41D7-9118-DB37AC91B1A6}
	EndGlobalSection
EndGlobal
